
Microsoft Visual Studio Solution File, Format Version 12.00
# Visual Studio Version 17
VisualStudioVersion = 17.6.33829.357
MinimumVisualStudioVersion = 10.0.40219.1
Project("{9A19103F-16F7-4668-BE54-9A1E7A4F7556}") = "htmx-pico-aspmvc", "src\htmx-pico-aspmvc.csproj", "{822D0D4E-FEE2-4200-BCE5-3E7BA02509D1}"
EndProject
Global
	GlobalSection(SolutionConfigurationPlatforms) = preSolution
		Debug|Any CPU = Debug|Any CPU
		Release|Any CPU = Release|Any CPU
	EndGlobalSection
	GlobalSection(ProjectConfigurationPlatforms) = postSolution
		{822D0D4E-FEE2-4200-BCE5-3E7BA02509D1}.Debug|Any CPU.ActiveCfg = Debug|Any CPU
		{822D0D4E-FEE2-4200-BCE5-3E7BA02509D1}.Debug|Any CPU.Build.0 = Debug|Any CPU
		{822D0D4E-FEE2-4200-BCE5-3E7BA02509D1}.Release|Any CPU.ActiveCfg = Release|Any CPU
		{822D0D4E-FEE2-4200-BCE5-3E7BA02509D1}.Release|Any CPU.Build.0 = Release|Any CPU
	EndGlobalSection
	GlobalSection(SolutionProperties) = preSolution
		HideSolutionNode = FALSE
	EndGlobalSection
	GlobalSection(ExtensibilityGlobals) = postSolution
		SolutionGuid = {D3E84C75-C016-4FE6-BC8F-5A0DFD4F1066}
	EndGlobalSection
EndGlobal
